
Microsoft Visual Studio Solution File, Format Version 12.00
# Visual Studio Version 17
VisualStudioVersion = 17.1.32228.430
MinimumVisualStudioVersion = 10.0.40219.1
Project("{FAE04EC0-301F-11D3-BF4B-00C04F79EFBC}") = "MoldSharp", "MoldSharp\MoldSharp.csproj", "{FDA7B124-056D-4E0C-9454-725B1AA1EBA7}"
EndProject
Project("{FAE04EC0-301F-11D3-BF4B-00C04F79EFBC}") = "MoldSharp.Test", "MoldSharp.Test\MoldSharp.Test.csproj", "{6127F28E-B81B-4133-8991-193B8156B9B9}"
EndProject
Global
	GlobalSection(SolutionConfigurationPlatforms) = preSolution
		Debug|Any CPU = Debug|Any CPU
		Release|Any CPU = Release|Any CPU
	EndGlobalSection
	GlobalSection(ProjectConfigurationPlatforms) = postSolution
		{FDA7B124-056D-4E0C-9454-725B1AA1EBA7}.Debug|Any CPU.ActiveCfg = Debug|Any CPU
		{FDA7B124-056D-4E0C-9454-725B1AA1EBA7}.Debug|Any CPU.Build.0 = Debug|Any CPU
		{FDA7B124-056D-4E0C-9454-725B1AA1EBA7}.Release|Any CPU.ActiveCfg = Release|Any CPU
		{FDA7B124-056D-4E0C-9454-725B1AA1EBA7}.Release|Any CPU.Build.0 = Release|Any CPU
		{6127F28E-B81B-4133-8991-193B8156B9B9}.Debug|Any CPU.ActiveCfg = Debug|Any CPU
		{6127F28E-B81B-4133-8991-193B8156B9B9}.Debug|Any CPU.Build.0 = Debug|Any CPU
		{6127F28E-B81B-4133-8991-193B8156B9B9}.Release|Any CPU.ActiveCfg = Release|Any CPU
		{6127F28E-B81B-4133-8991-193B8156B9B9}.Release|Any CPU.Build.0 = Release|Any CPU
	EndGlobalSection
	GlobalSection(SolutionProperties) = preSolution
		HideSolutionNode = FALSE
	EndGlobalSection
	GlobalSection(ExtensibilityGlobals) = postSolution
		SolutionGuid = {C4263071-00B4-46F9-9B37-9CF9F76C4BF2}
	EndGlobalSection
EndGlobal
